
Microsoft Visual Studio Solution File, Format Version 12.00
# Visual Studio Version 17
VisualStudioVersion = 17.2.32616.157
MinimumVisualStudioVersion = 10.0.40219.1
Project("{FAE04EC0-301F-11D3-BF4B-00C04F79EFBC}") = "SuperMercadoNetoOnLine", "SuperMercadoNetoOnLine.csproj", "{5CECE0E9-25B6-4390-9010-ABD21F2BD56B}"
EndProject
Global
	GlobalSection(SolutionConfigurationPlatforms) = preSolution
		Debug|Any CPU = Debug|Any CPU
		Release|Any CPU = Release|Any CPU
	EndGlobalSection
	GlobalSection(ProjectConfigurationPlatforms) = postSolution
		{5CECE0E9-25B6-4390-9010-ABD21F2BD56B}.Debug|Any CPU.ActiveCfg = Debug|Any CPU
		{5CECE0E9-25B6-4390-9010-ABD21F2BD56B}.Debug|Any CPU.Build.0 = Debug|Any CPU
		{5CECE0E9-25B6-4390-9010-ABD21F2BD56B}.Release|Any CPU.ActiveCfg = Release|Any CPU
		{5CECE0E9-25B6-4390-9010-ABD21F2BD56B}.Release|Any CPU.Build.0 = Release|Any CPU
	EndGlobalSection
	GlobalSection(SolutionProperties) = preSolution
		HideSolutionNode = FALSE
	EndGlobalSection
	GlobalSection(ExtensibilityGlobals) = postSolution
		SolutionGuid = {74D7545B-AC46-4C32-AC77-E46662D546C5}
	EndGlobalSection
EndGlobal
